
Microsoft Visual Studio Solution File, Format Version 12.00
# Visual Studio 14
VisualStudioVersion = 14.0.23107.0
MinimumVisualStudioVersion = 10.0.40219.1
Project("{FAE04EC0-301F-11D3-BF4B-00C04F79EFBC}") = "FriendFinder", "FriendFinder\FriendFinder.csproj", "{99FAF57F-0C4F-4E6F-BEBF-E610A7E44204}"
EndProject
Project("{FAE04EC0-301F-11D3-BF4B-00C04F79EFBC}") = "FriendFinderTests1", "FriendFinderTests1\FriendFinderTests1.csproj", "{0A302872-6001-47AF-A256-5A703DB8622C}"
EndProject
Global
	GlobalSection(SolutionConfigurationPlatforms) = preSolution
		Debug|Any CPU = Debug|Any CPU
		Release|Any CPU = Release|Any CPU
	EndGlobalSection
	GlobalSection(ProjectConfigurationPlatforms) = postSolution
		{99FAF57F-0C4F-4E6F-BEBF-E610A7E44204}.Debug|Any CPU.ActiveCfg = Debug|Any CPU
		{99FAF57F-0C4F-4E6F-BEBF-E610A7E44204}.Debug|Any CPU.Build.0 = Debug|Any CPU
		{99FAF57F-0C4F-4E6F-BEBF-E610A7E44204}.Release|Any CPU.ActiveCfg = Release|Any CPU
		{99FAF57F-0C4F-4E6F-BEBF-E610A7E44204}.Release|Any CPU.Build.0 = Release|Any CPU
		{0A302872-6001-47AF-A256-5A703DB8622C}.Debug|Any CPU.ActiveCfg = Debug|Any CPU
		{0A302872-6001-47AF-A256-5A703DB8622C}.Debug|Any CPU.Build.0 = Debug|Any CPU
		{0A302872-6001-47AF-A256-5A703DB8622C}.Release|Any CPU.ActiveCfg = Release|Any CPU
		{0A302872-6001-47AF-A256-5A703DB8622C}.Release|Any CPU.Build.0 = Release|Any CPU
	EndGlobalSection
	GlobalSection(SolutionProperties) = preSolution
		HideSolutionNode = FALSE
	EndGlobalSection
EndGlobal
